
Microsoft Visual Studio Solution File, Format Version 12.00
# Visual Studio Version 16
VisualStudioVersion = 16.0.31019.35
MinimumVisualStudioVersion = 10.0.40219.1
Project("{FAE04EC0-301F-11D3-BF4B-00C04F79EFBC}") = "ejercicio de programacion 2", "ejercicio de programacion 2\ejercicio de programacion 2.csproj", "{43E9056D-0E08-4296-907F-9F04B6672F45}"
EndProject
Global
	GlobalSection(SolutionConfigurationPlatforms) = preSolution
		Debug|Any CPU = Debug|Any CPU
		Release|Any CPU = Release|Any CPU
	EndGlobalSection
	GlobalSection(ProjectConfigurationPlatforms) = postSolution
		{43E9056D-0E08-4296-907F-9F04B6672F45}.Debug|Any CPU.ActiveCfg = Debug|Any CPU
		{43E9056D-0E08-4296-907F-9F04B6672F45}.Debug|Any CPU.Build.0 = Debug|Any CPU
		{43E9056D-0E08-4296-907F-9F04B6672F45}.Release|Any CPU.ActiveCfg = Release|Any CPU
		{43E9056D-0E08-4296-907F-9F04B6672F45}.Release|Any CPU.Build.0 = Release|Any CPU
	EndGlobalSection
	GlobalSection(SolutionProperties) = preSolution
		HideSolutionNode = FALSE
	EndGlobalSection
	GlobalSection(ExtensibilityGlobals) = postSolution
		SolutionGuid = {BAC84ED0-A558-45BB-BC0A-B9DBB3216BEC}
	EndGlobalSection
EndGlobal
